
Microsoft Visual Studio Solution File, Format Version 12.00
# Visual Studio 15
VisualStudioVersion = 15.0.28307.168
MinimumVisualStudioVersion = 10.0.40219.1
Project("{FAE04EC0-301F-11D3-BF4B-00C04F79EFBC}") = "cumaster", "cumaster\cumaster.csproj", "{48E27AA9-2906-42B9-9D9B-3BB444DCCD41}"
EndProject
Global
	GlobalSection(SolutionConfigurationPlatforms) = preSolution
		Debug|Any CPU = Debug|Any CPU
		Release|Any CPU = Release|Any CPU
	EndGlobalSection
	GlobalSection(ProjectConfigurationPlatforms) = postSolution
		{48E27AA9-2906-42B9-9D9B-3BB444DCCD41}.Debug|Any CPU.ActiveCfg = Debug|Any CPU
		{48E27AA9-2906-42B9-9D9B-3BB444DCCD41}.Debug|Any CPU.Build.0 = Debug|Any CPU
		{48E27AA9-2906-42B9-9D9B-3BB444DCCD41}.Release|Any CPU.ActiveCfg = Release|Any CPU
		{48E27AA9-2906-42B9-9D9B-3BB444DCCD41}.Release|Any CPU.Build.0 = Release|Any CPU
	EndGlobalSection
	GlobalSection(SolutionProperties) = preSolution
		HideSolutionNode = FALSE
	EndGlobalSection
	GlobalSection(ExtensibilityGlobals) = postSolution
		SolutionGuid = {D77597B6-56E5-4DAD-B0F5-988E5C862FBA}
	EndGlobalSection
EndGlobal
